
Microsoft Visual Studio Solution File, Format Version 12.00
# Visual Studio Version 17
VisualStudioVersion = 17.11.35219.272
MinimumVisualStudioVersion = 10.0.40219.1
Project("{8BC9CEB8-8B4A-11D0-8D11-00A0C91BC942}") = "6.3 bai 3", "6.3 bai 3.vcxproj", "{55040314-668C-4717-9894-34A00EFA50EE}"
EndProject
Global
	GlobalSection(SolutionConfigurationPlatforms) = preSolution
		Debug|x64 = Debug|x64
		Debug|x86 = Debug|x86
		Release|x64 = Release|x64
		Release|x86 = Release|x86
	EndGlobalSection
	GlobalSection(ProjectConfigurationPlatforms) = postSolution
		{55040314-668C-4717-9894-34A00EFA50EE}.Debug|x64.ActiveCfg = Debug|x64
		{55040314-668C-4717-9894-34A00EFA50EE}.Debug|x64.Build.0 = Debug|x64
		{55040314-668C-4717-9894-34A00EFA50EE}.Debug|x86.ActiveCfg = Debug|Win32
		{55040314-668C-4717-9894-34A00EFA50EE}.Debug|x86.Build.0 = Debug|Win32
		{55040314-668C-4717-9894-34A00EFA50EE}.Release|x64.ActiveCfg = Release|x64
		{55040314-668C-4717-9894-34A00EFA50EE}.Release|x64.Build.0 = Release|x64
		{55040314-668C-4717-9894-34A00EFA50EE}.Release|x86.ActiveCfg = Release|Win32
		{55040314-668C-4717-9894-34A00EFA50EE}.Release|x86.Build.0 = Release|Win32
	EndGlobalSection
	GlobalSection(SolutionProperties) = preSolution
		HideSolutionNode = FALSE
	EndGlobalSection
	GlobalSection(ExtensibilityGlobals) = postSolution
		SolutionGuid = {FF4CF34F-C4EA-44FB-8020-3E89E5CED6C1}
	EndGlobalSection
EndGlobal
